
Microsoft Visual Studio Solution File, Format Version 12.00
# Visual Studio 15
VisualStudioVersion = 15.0.27428.2027
MinimumVisualStudioVersion = 10.0.40219.1
Project("{FAE04EC0-301F-11D3-BF4B-00C04F79EFBC}") = "ProgramDrawer", "ProgramDrawer\ProgramDrawer.csproj", "{A3B19B94-C0CF-49B7-9CE1-2FF4BF3C8965}"
EndProject
Global
	GlobalSection(SolutionConfigurationPlatforms) = preSolution
		Debug|Any CPU = Debug|Any CPU
		Release|Any CPU = Release|Any CPU
	EndGlobalSection
	GlobalSection(ProjectConfigurationPlatforms) = postSolution
		{A3B19B94-C0CF-49B7-9CE1-2FF4BF3C8965}.Debug|Any CPU.ActiveCfg = Debug|Any CPU
		{A3B19B94-C0CF-49B7-9CE1-2FF4BF3C8965}.Debug|Any CPU.Build.0 = Debug|Any CPU
		{A3B19B94-C0CF-49B7-9CE1-2FF4BF3C8965}.Release|Any CPU.ActiveCfg = Release|Any CPU
		{A3B19B94-C0CF-49B7-9CE1-2FF4BF3C8965}.Release|Any CPU.Build.0 = Release|Any CPU
	EndGlobalSection
	GlobalSection(SolutionProperties) = preSolution
		HideSolutionNode = FALSE
	EndGlobalSection
	GlobalSection(ExtensibilityGlobals) = postSolution
		SolutionGuid = {8F2CC86F-8139-4CDA-83CB-8A11F26BCD9E}
	EndGlobalSection
EndGlobal
